// !$*UTF8*$!
{
	archiveVersion = 1;
	classes = {
	};
	objectVersion = 46;
	objects = {

/* Begin PBXBuildFile section */
		655E6E181CBCD2FC0018D287 /* main.m in Sources */ = {isa = PBXBuildFile; fileRef = 655E6E171CBCD2FC0018D287 /* main.m */; };
		655E6E1B1CBCD2FC0018D287 /* AppDelegate.m in Sources */ = {isa = PBXBuildFile; fileRef = 655E6E1A1CBCD2FC0018D287 /* AppDelegate.m */; };
		655E6E1E1CBCD2FC0018D287 /* ViewController.m in Sources */ = {isa = PBXBuildFile; fileRef = 655E6E1D1CBCD2FC0018D287 /* ViewController.m */; };
		655E6E211CBCD2FC0018D287 /* Main.storyboard in Resources */ = {isa = PBXBuildFile; fileRef = 655E6E1F1CBCD2FC0018D287 /* Main.storyboard */; };
		655E6E231CBCD2FC0018D287 /* Assets.xcassets in Resources */ = {isa = PBXBuildFile; fileRef = 655E6E221CBCD2FC0018D287 /* Assets.xcassets */; };
		655E6E261CBCD2FC0018D287 /* LaunchScreen.storyboard in Resources */ = {isa = PBXBuildFile; fileRef = 655E6E241CBCD2FC0018D287 /* LaunchScreen.storyboard */; };
		655E6E311CBCD2FD0018D287 /* SHTextViewTests.m in Sources */ = {isa = PBXBuildFile; fileRef = 655E6E301CBCD2FD0018D287 /* SHTextViewTests.m */; };
		655E6E3C1CBCD2FD0018D287 /* SHTextViewUITests.m in Sources */ = {isa = PBXBuildFile; fileRef = 655E6E3B1CBCD2FD0018D287 /* SHTextViewUITests.m */; };
		655E6E4C1CBCD35B0018D287 /* SHTextView.m in Sources */ = {isa = PBXBuildFile; fileRef = 655E6E4B1CBCD35B0018D287 /* SHTextView.m */; };
		6567E4EB1CC71BF70066B8CD /* Info.plist in Resources */ = {isa = PBXBuildFile; fileRef = 6567E4CF1CC71BF70066B8CD /* Info.plist */; };
		6567E4EC1CC71BF70066B8CD /* MASCompositeConstraint.m in Sources */ = {isa = PBXBuildFile; fileRef = 6567E4D11CC71BF70066B8CD /* MASCompositeConstraint.m */; };
		6567E4ED1CC71BF70066B8CD /* MASConstraint.m in Sources */ = {isa = PBXBuildFile; fileRef = 6567E4D41CC71BF70066B8CD /* MASConstraint.m */; };
		6567E4EE1CC71BF70066B8CD /* MASConstraintMaker.m in Sources */ = {isa = PBXBuildFile; fileRef = 6567E4D61CC71BF70066B8CD /* MASConstraintMaker.m */; };
		6567E4EF1CC71BF70066B8CD /* MASLayoutConstraint.m in Sources */ = {isa = PBXBuildFile; fileRef = 6567E4D81CC71BF70066B8CD /* MASLayoutConstraint.m */; };
		6567E4F01CC71BF70066B8CD /* MASViewAttribute.m in Sources */ = {isa = PBXBuildFile; fileRef = 6567E4DC1CC71BF70066B8CD /* MASViewAttribute.m */; };
		6567E4F11CC71BF70066B8CD /* MASViewConstraint.m in Sources */ = {isa = PBXBuildFile; fileRef = 6567E4DE1CC71BF70066B8CD /* MASViewConstraint.m */; };
		6567E4F21CC71BF70066B8CD /* NSArray+MASAdditions.m in Sources */ = {isa = PBXBuildFile; fileRef = 6567E4E01CC71BF70066B8CD /* NSArray+MASAdditions.m */; };
		6567E4F31CC71BF70066B8CD /* NSLayoutConstraint+MASDebugAdditions.m in Sources */ = {isa = PBXBuildFile; fileRef = 6567E4E31CC71BF70066B8CD /* NSLayoutConstraint+MASDebugAdditions.m */; };
		6567E4F41CC71BF70066B8CD /* UIImage+Rotation.m in Sources */ = {isa = PBXBuildFile; fileRef = 6567E4E51CC71BF70066B8CD /* UIImage+Rotation.m */; };
		6567E4F51CC71BF70066B8CD /* View+MASAdditions.m in Sources */ = {isa = PBXBuildFile; fileRef = 6567E4E71CC71BF70066B8CD /* View+MASAdditions.m */; };
		6567E4F61CC71BF70066B8CD /* ViewController+MASAdditions.m in Sources */ = {isa = PBXBuildFile; fileRef = 6567E4EA1CC71BF70066B8CD /* ViewController+MASAdditions.m */; };
		6567E4FC1CC756A90066B8CD /* UIView+Extension.m in Sources */ = {isa = PBXBuildFile; fileRef = 6567E4FB1CC756A90066B8CD /* UIView+Extension.m */; };
		65B2B18D1CC8877000DD5537 /* OneViewController.m in Sources */ = {isa = PBXBuildFile; fileRef = 65B2B18C1CC8877000DD5537 /* OneViewController.m */; };
		65B2B1901CC8888700DD5537 /* TwoViewController.m in Sources */ = {isa = PBXBuildFile; fileRef = 65B2B18F1CC8888700DD5537 /* TwoViewController.m */; };
/* End PBXBuildFile section */

/* Begin PBXContainerItemProxy section */
		655E6E2D1CBCD2FC0018D287 /* PBXContainerItemProxy */ = {
			isa = PBXContainerItemProxy;
			containerPortal = 655E6E0B1CBCD2FC0018D287 /* Project object */;
			proxyType = 1;
			remoteGlobalIDString = 655E6E121CBCD2FC0018D287;
			remoteInfo = SHTextView;
		};
		655E6E381CBCD2FD0018D287 /* PBXContainerItemProxy */ = {
			isa = PBXContainerItemProxy;
			containerPortal = 655E6E0B1CBCD2FC0018D287 /* Project object */;
			proxyType = 1;
			remoteGlobalIDString = 655E6E121CBCD2FC0018D287;
			remoteInfo = SHTextView;
		};
/* End PBXContainerItemProxy section */

/* Begin PBXFileReference section */
		655E6E131CBCD2FC0018D287 /* SHTextView.app */ = {isa = PBXFileReference; explicitFileType = wrapper.application; includeInIndex = 0; path = SHTextView.app; sourceTree = BUILT_PRODUCTS_DIR; };
		655E6E171CBCD2FC0018D287 /* main.m */ = {isa = PBXFileReference; lastKnownFileType = sourcecode.c.objc; path = main.m; sourceTree = "<group>"; };
		655E6E191CBCD2FC0018D287 /* AppDelegate.h */ = {isa = PBXFileReference; lastKnownFileType = sourcecode.c.h; path = AppDelegate.h; sourceTree = "<group>"; };
		655E6E1A1CBCD2FC0018D287 /* AppDelegate.m */ = {isa = PBXFileReference; lastKnownFileType = sourcecode.c.objc; path = AppDelegate.m; sourceTree = "<group>"; };
		655E6E1C1CBCD2FC0018D287 /* ViewController.h */ = {isa = PBXFileReference; lastKnownFileType = sourcecode.c.h; path = ViewController.h; sourceTree = "<group>"; };
		655E6E1D1CBCD2FC0018D287 /* ViewController.m */ = {isa = PBXFileReference; lastKnownFileType = sourcecode.c.objc; path = ViewController.m; sourceTree = "<group>"; };
		655E6E201CBCD2FC0018D287 /* Base */ = {isa = PBXFileReference; lastKnownFileType = file.storyboard; name = Base; path = Base.lproj/Main.storyboard; sourceTree = "<group>"; };
		655E6E221CBCD2FC0018D287 /* Assets.xcassets */ = {isa = PBXFileReference; lastKnownFileType = folder.assetcatalog; path = Assets.xcassets; sourceTree = "<group>"; };
		655E6E251CBCD2FC0018D287 /* Base */ = {isa = PBXFileReference; lastKnownFileType = file.storyboard; name = Base; path = Base.lproj/LaunchScreen.storyboard; sourceTree = "<group>"; };
		655E6E271CBCD2FC0018D287 /* Info.plist */ = {isa = PBXFileReference; lastKnownFileType = text.plist.xml; path = Info.plist; sourceTree = "<group>"; };
		655E6E2C1CBCD2FC0018D287 /* SHTextViewTests.xctest */ = {isa = PBXFileReference; explicitFileType = wrapper.cfbundle; includeInIndex = 0; path = SHTextViewTests.xctest; sourceTree = BUILT_PRODUCTS_DIR; };
		655E6E301CBCD2FD0018D287 /* SHTextViewTests.m */ = {isa = PBXFileReference; lastKnownFileType = sourcecode.c.objc; path = SHTextViewTests.m; sourceTree = "<group>"; };
		655E6E321CBCD2FD0018D287 /* Info.plist */ = {isa = PBXFileReference; lastKnownFileType = text.plist.xml; path = Info.plist; sourceTree = "<group>"; };
		655E6E371CBCD2FD0018D287 /* SHTextViewUITests.xctest */ = {isa = PBXFileReference; explicitFileType = wrapper.cfbundle; includeInIndex = 0; path = SHTextViewUITests.xctest; sourceTree = BUILT_PRODUCTS_DIR; };
		655E6E3B1CBCD2FD0018D287 /* SHTextViewUITests.m */ = {isa = PBXFileReference; lastKnownFileType = sourcecode.c.objc; path = SHTextViewUITests.m; sourceTree = "<group>"; };
		655E6E3D1CBCD2FD0018D287 /* Info.plist */ = {isa = PBXFileReference; lastKnownFileType = text.plist.xml; path = Info.plist; sourceTree = "<group>"; };
		655E6E4A1CBCD35B0018D287 /* SHTextView.h */ = {isa = PBXFileReference; fileEncoding = 4; lastKnownFileType = sourcecode.c.h; path = SHTextView.h; sourceTree = "<group>"; };
		655E6E4B1CBCD35B0018D287 /* SHTextView.m */ = {isa = PBXFileReference; fileEncoding = 4; lastKnownFileType = sourcecode.c.objc; path = SHTextView.m; sourceTree = "<group>"; };
		6567E4CF1CC71BF70066B8CD /* Info.plist */ = {isa = PBXFileReference; fileEncoding = 4; lastKnownFileType = text.plist.xml; path = Info.plist; sourceTree = "<group>"; };
		6567E4D01CC71BF70066B8CD /* MASCompositeConstraint.h */ = {isa = PBXFileReference; fileEncoding = 4; lastKnownFileType = sourcecode.c.h; path = MASCompositeConstraint.h; sourceTree = "<group>"; };
		6567E4D11CC71BF70066B8CD /* MASCompositeConstraint.m */ = {isa = PBXFileReference; fileEncoding = 4; lastKnownFileType = sourcecode.c.objc; path = MASCompositeConstraint.m; sourceTree = "<group>"; };
		6567E4D21CC71BF70066B8CD /* MASConstraint+Private.h */ = {isa = PBXFileReference; fileEncoding = 4; lastKnownFileType = sourcecode.c.h; path = "MASConstraint+Private.h"; sourceTree = "<group>"; };
		6567E4D31CC71BF70066B8CD /* MASConstraint.h */ = {isa = PBXFileReference; fileEncoding = 4; lastKnownFileType = sourcecode.c.h; path = MASConstraint.h; sourceTree = "<group>"; };
		6567E4D41CC71BF70066B8CD /* MASConstraint.m */ = {isa = PBXFileReference; fileEncoding = 4; lastKnownFileType = sourcecode.c.objc; path = MASConstraint.m; sourceTree = "<group>"; };
		6567E4D51CC71BF70066B8CD /* MASConstraintMaker.h */ = {isa = PBXFileReference; fileEncoding = 4; lastKnownFileType = sourcecode.c.h; path = MASConstraintMaker.h; sourceTree = "<group>"; };
		6567E4D61CC71BF70066B8CD /* MASConstraintMaker.m */ = {isa = PBXFileReference; fileEncoding = 4; lastKnownFileType = sourcecode.c.objc; path = MASConstraintMaker.m; sourceTree = "<group>"; };
		6567E4D71CC71BF70066B8CD /* MASLayoutConstraint.h */ = {isa = PBXFileReference; fileEncoding = 4; lastKnownFileType = sourcecode.c.h; path = MASLayoutConstraint.h; sourceTree = "<group>"; };
		6567E4D81CC71BF70066B8CD /* MASLayoutConstraint.m */ = {isa = PBXFileReference; fileEncoding = 4; lastKnownFileType = sourcecode.c.objc; path = MASLayoutConstraint.m; sourceTree = "<group>"; };
		6567E4D91CC71BF70066B8CD /* Masonry.h */ = {isa = PBXFileReference; fileEncoding = 4; lastKnownFileType = sourcecode.c.h; path = Masonry.h; sourceTree = "<group>"; };
		6567E4DA1CC71BF70066B8CD /* MASUtilities.h */ = {isa = PBXFileReference; fileEncoding = 4; lastKnownFileType = sourcecode.c.h; path = MASUtilities.h; sourceTree = "<group>"; };
		6567E4DB1CC71BF70066B8CD /* MASViewAttribute.h */ = {isa = PBXFileReference; fileEncoding = 4; lastKnownFileType = sourcecode.c.h; path = MASViewAttribute.h; sourceTree = "<group>"; };
		6567E4DC1CC71BF70066B8CD /* MASViewAttribute.m */ = {isa = PBXFileReference; fileEncoding = 4; lastKnownFileType = sourcecode.c.objc; path = MASViewAttribute.m; sourceTree = "<group>"; };
		6567E4DD1CC71BF70066B8CD /* MASViewConstraint.h */ = {isa = PBXFileReference; fileEncoding = 4; lastKnownFileType = sourcecode.c.h; path = MASViewConstraint.h; sourceTree = "<group>"; };
		6567E4DE1CC71BF70066B8CD /* MASViewConstraint.m */ = {isa = PBXFileReference; fileEncoding = 4; lastKnownFileType = sourcecode.c.objc; path = MASViewConstraint.m; sourceTree = "<group>"; };
		6567E4DF1CC71BF70066B8CD /* NSArray+MASAdditions.h */ = {isa = PBXFileReference; fileEncoding = 4; lastKnownFileType = sourcecode.c.h; path = "NSArray+MASAdditions.h"; sourceTree = "<group>"; };
		6567E4E01CC71BF70066B8CD /* NSArray+MASAdditions.m */ = {isa = PBXFileReference; fileEncoding = 4; lastKnownFileType = sourcecode.c.objc; path = "NSArray+MASAdditions.m"; sourceTree = "<group>"; };
		6567E4E11CC71BF70066B8CD /* NSArray+MASShorthandAdditions.h */ = {isa = PBXFileReference; fileEncoding = 4; lastKnownFileType = sourcecode.c.h; path = "NSArray+MASShorthandAdditions.h"; sourceTree = "<group>"; };
		6567E4E21CC71BF70066B8CD /* NSLayoutConstraint+MASDebugAdditions.h */ = {isa = PBXFileReference; fileEncoding = 4; lastKnownFileType = sourcecode.c.h; path = "NSLayoutConstraint+MASDebugAdditions.h"; sourceTree = "<group>"; };
		6567E4E31CC71BF70066B8CD /* NSLayoutConstraint+MASDebugAdditions.m */ = {isa = PBXFileReference; fileEncoding = 4; lastKnownFileType = sourcecode.c.objc; path = "NSLayoutConstraint+MASDebugAdditions.m"; sourceTree = "<group>"; };
		6567E4E41CC71BF70066B8CD /* UIImage+Rotation.h */ = {isa = PBXFileReference; fileEncoding = 4; lastKnownFileType = sourcecode.c.h; path = "UIImage+Rotation.h"; sourceTree = "<group>"; };
		6567E4E51CC71BF70066B8CD /* UIImage+Rotation.m */ = {isa = PBXFileReference; fileEncoding = 4; lastKnownFileType = sourcecode.c.objc; path = "UIImage+Rotation.m"; sourceTree = "<group>"; };
		6567E4E61CC71BF70066B8CD /* View+MASAdditions.h */ = {isa = PBXFileReference; fileEncoding = 4; lastKnownFileType = sourcecode.c.h; path = "View+MASAdditions.h"; sourceTree = "<group>"; };
		6567E4E71CC71BF70066B8CD /* View+MASAdditions.m */ = {isa = PBXFileReference; fileEncoding = 4; lastKnownFileType = sourcecode.c.objc; path = "View+MASAdditions.m"; sourceTree = "<group>"; };
		6567E4E81CC71BF70066B8CD /* View+MASShorthandAdditions.h */ = {isa = PBXFileReference; fileEncoding = 4; lastKnownFileType = sourcecode.c.h; path = "View+MASShorthandAdditions.h"; sourceTree = "<group>"; };
		6567E4E91CC71BF70066B8CD /* ViewController+MASAdditions.h */ = {isa = PBXFileReference; fileEncoding = 4; lastKnownFileType = sourcecode.c.h; path = "ViewController+MASAdditions.h"; sourceTree = "<group>"; };
		6567E4EA1CC71BF70066B8CD /* ViewController+MASAdditions.m */ = {isa = PBXFileReference; fileEncoding = 4; lastKnownFileType = sourcecode.c.objc; path = "ViewController+MASAdditions.m"; sourceTree = "<group>"; };
		6567E4FA1CC756A90066B8CD /* UIView+Extension.h */ = {isa = PBXFileReference; fileEncoding = 4; lastKnownFileType = sourcecode.c.h; path = "UIView+Extension.h"; sourceTree = "<group>"; };
		6567E4FB1CC756A90066B8CD /* UIView+Extension.m */ = {isa = PBXFileReference; fileEncoding = 4; lastKnownFileType = sourcecode.c.objc; path = "UIView+Extension.m"; sourceTree = "<group>"; };
		65B2B18B1CC8877000DD5537 /* OneViewController.h */ = {isa = PBXFileReference; fileEncoding = 4; lastKnownFileType = sourcecode.c.h; path = OneViewController.h; sourceTree = "<group>"; };
		65B2B18C1CC8877000DD5537 /* OneViewController.m */ = {isa = PBXFileReference; fileEncoding = 4; lastKnownFileType = sourcecode.c.objc; path = OneViewController.m; sourceTree = "<group>"; };
		65B2B18E1CC8888700DD5537 /* TwoViewController.h */ = {isa = PBXFileReference; fileEncoding = 4; lastKnownFileType = sourcecode.c.h; path = TwoViewController.h; sourceTree = "<group>"; };
		65B2B18F1CC8888700DD5537 /* TwoViewController.m */ = {isa = PBXFileReference; fileEncoding = 4; lastKnownFileType = sourcecode.c.objc; path = TwoViewController.m; sourceTree = "<group>"; };
/* End PBXFileReference section */

/* Begin PBXFrameworksBuildPhase section */
		655E6E101CBCD2FC0018D287 /* Frameworks */ = {
			isa = PBXFrameworksBuildPhase;
			buildActionMask = 2147483647;
			files = (
			);
			runOnlyForDeploymentPostprocessing = 0;
		};
		655E6E291CBCD2FC0018D287 /* Frameworks */ = {
			isa = PBXFrameworksBuildPhase;
			buildActionMask = 2147483647;
			files = (
			);
			runOnlyForDeploymentPostprocessing = 0;
		};
		655E6E341CBCD2FD0018D287 /* Frameworks */ = {
			isa = PBXFrameworksBuildPhase;
			buildActionMask = 2147483647;
			files = (
			);
			runOnlyForDeploymentPostprocessing = 0;
		};
/* End PBXFrameworksBuildPhase section */

/* Begin PBXGroup section */
		655E6E0A1CBCD2FC0018D287 = {
			isa = PBXGroup;
			children = (
				655E6E151CBCD2FC0018D287 /* SHTextView */,
				655E6E2F1CBCD2FD0018D287 /* SHTextViewTests */,
				655E6E3A1CBCD2FD0018D287 /* SHTextViewUITests */,
				655E6E141CBCD2FC0018D287 /* Products */,
			);
			sourceTree = "<group>";
		};
		655E6E141CBCD2FC0018D287 /* Products */ = {
			isa = PBXGroup;
			children = (
				655E6E131CBCD2FC0018D287 /* SHTextView.app */,
				655E6E2C1CBCD2FC0018D287 /* SHTextViewTests.xctest */,
				655E6E371CBCD2FD0018D287 /* SHTextViewUITests.xctest */,
			);
			name = Products;
			sourceTree = "<group>";
		};
		655E6E151CBCD2FC0018D287 /* SHTextView */ = {
			isa = PBXGroup;
			children = (
				6567E4FA1CC756A90066B8CD /* UIView+Extension.h */,
				6567E4FB1CC756A90066B8CD /* UIView+Extension.m */,
				6567E4CE1CC71BF70066B8CD /* Masonry */,
				655E6E491CBCD31D0018D287 /* SHTextView */,
				655E6E191CBCD2FC0018D287 /* AppDelegate.h */,
				655E6E1A1CBCD2FC0018D287 /* AppDelegate.m */,
				655E6E1C1CBCD2FC0018D287 /* ViewController.h */,
				655E6E1D1CBCD2FC0018D287 /* ViewController.m */,
				65B2B18B1CC8877000DD5537 /* OneViewController.h */,
				65B2B18C1CC8877000DD5537 /* OneViewController.m */,
				65B2B18E1CC8888700DD5537 /* TwoViewController.h */,
				65B2B18F1CC8888700DD5537 /* TwoViewController.m */,
				655E6E1F1CBCD2FC0018D287 /* Main.storyboard */,
				655E6E221CBCD2FC0018D287 /* Assets.xcassets */,
				655E6E241CBCD2FC0018D287 /* LaunchScreen.storyboard */,
				655E6E271CBCD2FC0018D287 /* Info.plist */,
				655E6E161CBCD2FC0018D287 /* Supporting Files */,
			);
			path = SHTextView;
			sourceTree = "<group>";
		};
		655E6E161CBCD2FC0018D287 /* Supporting Files */ = {
			isa = PBXGroup;
			children = (
				655E6E171CBCD2FC0018D287 /* main.m */,
			);
			name = "Supporting Files";
			sourceTree = "<group>";
		};
		655E6E2F1CBCD2FD0018D287 /* SHTextViewTests */ = {
			isa = PBXGroup;
			children = (
				655E6E301CBCD2FD0018D287 /* SHTextViewTests.m */,
				655E6E321CBCD2FD0018D287 /* Info.plist */,
			);
			path = SHTextViewTests;
			sourceTree = "<group>";
		};
		655E6E3A1CBCD2FD0018D287 /* SHTextViewUITests */ = {
			isa = PBXGroup;
			children = (
				655E6E3B1CBCD2FD0018D287 /* SHTextViewUITests.m */,
				655E6E3D1CBCD2FD0018D287 /* Info.plist */,
			);
			path = SHTextViewUITests;
			sourceTree = "<group>";
		};
		655E6E491CBCD31D0018D287 /* SHTextView */ = {
			isa = PBXGroup;
			children = (
				655E6E4A1CBCD35B0018D287 /* SHTextView.h */,
				655E6E4B1CBCD35B0018D287 /* SHTextView.m */,
			);
			path = SHTextView;
			sourceTree = "<group>";
		};
		6567E4CE1CC71BF70066B8CD /* Masonry */ = {
			isa = PBXGroup;
			children = (
				6567E4CF1CC71BF70066B8CD /* Info.plist */,
				6567E4D01CC71BF70066B8CD /* MASCompositeConstraint.h */,
				6567E4D11CC71BF70066B8CD /* MASCompositeConstraint.m */,
				6567E4D21CC71BF70066B8CD /* MASConstraint+Private.h */,
				6567E4D31CC71BF70066B8CD /* MASConstraint.h */,
				6567E4D41CC71BF70066B8CD /* MASConstraint.m */,
				6567E4D51CC71BF70066B8CD /* MASConstraintMaker.h */,
				6567E4D61CC71BF70066B8CD /* MASConstraintMaker.m */,
				6567E4D71CC71BF70066B8CD /* MASLayoutConstraint.h */,
				6567E4D81CC71BF70066B8CD /* MASLayoutConstraint.m */,
				6567E4D91CC71BF70066B8CD /* Masonry.h */,
				6567E4DA1CC71BF70066B8CD /* MASUtilities.h */,
				6567E4DB1CC71BF70066B8CD /* MASViewAttribute.h */,
				6567E4DC1CC71BF70066B8CD /* MASViewAttribute.m */,
				6567E4DD1CC71BF70066B8CD /* MASViewConstraint.h */,
				6567E4DE1CC71BF70066B8CD /* MASViewConstraint.m */,
				6567E4DF1CC71BF70066B8CD /* NSArray+MASAdditions.h */,
				6567E4E01CC71BF70066B8CD /* NSArray+MASAdditions.m */,
				6567E4E11CC71BF70066B8CD /* NSArray+MASShorthandAdditions.h */,
				6567E4E21CC71BF70066B8CD /* NSLayoutConstraint+MASDebugAdditions.h */,
				6567E4E31CC71BF70066B8CD /* NSLayoutConstraint+MASDebugAdditions.m */,
				6567E4E41CC71BF70066B8CD /* UIImage+Rotation.h */,
				6567E4E51CC71BF70066B8CD /* UIImage+Rotation.m */,
				6567E4E61CC71BF70066B8CD /* View+MASAdditions.h */,
				6567E4E71CC71BF70066B8CD /* View+MASAdditions.m */,
				6567E4E81CC71BF70066B8CD /* View+MASShorthandAdditions.h */,
				6567E4E91CC71BF70066B8CD /* ViewController+MASAdditions.h */,
				6567E4EA1CC71BF70066B8CD /* ViewController+MASAdditions.m */,
			);
			path = Masonry;
			sourceTree = "<group>";
		};
/* End PBXGroup section */

/* Begin PBXNativeTarget section */
		655E6E121CBCD2FC0018D287 /* SHTextView */ = {
			isa = PBXNativeTarget;
			buildConfigurationList = 655E6E401CBCD2FD0018D287 /* Build configuration list for PBXNativeTarget "SHTextView" */;
			buildPhases = (
				655E6E0F1CBCD2FC0018D287 /* Sources */,
				655E6E101CBCD2FC0018D287 /* Frameworks */,
				655E6E111CBCD2FC0018D287 /* Resources */,
			);
			buildRules = (
			);
			dependencies = (
			);
			name = SHTextView;
			productName = SHTextView;
			productReference = 655E6E131CBCD2FC0018D287 /* SHTextView.app */;
			productType = "com.apple.product-type.application";
		};
		655E6E2B1CBCD2FC0018D287 /* SHTextViewTests */ = {
			isa = PBXNativeTarget;
			buildConfigurationList = 655E6E431CBCD2FD0018D287 /* Build configuration list for PBXNativeTarget "SHTextViewTests" */;
			buildPhases = (
				655E6E281CBCD2FC0018D287 /* Sources */,
				655E6E291CBCD2FC0018D287 /* Frameworks */,
				655E6E2A1CBCD2FC0018D287 /* Resources */,
			);
			buildRules = (
			);
			dependencies = (
				655E6E2E1CBCD2FC0018D287 /* PBXTargetDependency */,
			);
			name = SHTextViewTests;
			productName = SHTextViewTests;
			productReference = 655E6E2C1CBCD2FC0018D287 /* SHTextViewTests.xctest */;
			productType = "com.apple.product-type.bundle.unit-test";
		};
		655E6E361CBCD2FD0018D287 /* SHTextViewUITests */ = {
			isa = PBXNativeTarget;
			buildConfigurationList = 655E6E461CBCD2FD0018D287 /* Build configuration list for PBXNativeTarget "SHTextViewUITests" */;
			buildPhases = (
				655E6E331CBCD2FD0018D287 /* Sources */,
				655E6E341CBCD2FD0018D287 /* Frameworks */,
				655E6E351CBCD2FD0018D287 /* Resources */,
			);
			buildRules = (
			);
			dependencies = (
				655E6E391CBCD2FD0018D287 /* PBXTargetDependency */,
			);
			name = SHTextViewUITests;
			productName = SHTextViewUITests;
			productReference = 655E6E371CBCD2FD0018D287 /* SHTextViewUITests.xctest */;
			productType = "com.apple.product-type.bundle.ui-testing";
		};
/* End PBXNativeTarget section */

/* Begin PBXProject section */
		655E6E0B1CBCD2FC0018D287 /* Project object */ = {
			isa = PBXProject;
			attributes = {
				LastUpgradeCheck = 0730;
				ORGANIZATIONNAME = "宋浩文的pro";
				TargetAttributes = {
					655E6E121CBCD2FC0018D287 = {
						CreatedOnToolsVersion = 7.3;
					};
					655E6E2B1CBCD2FC0018D287 = {
						CreatedOnToolsVersion = 7.3;
						TestTargetID = 655E6E121CBCD2FC0018D287;
					};
					655E6E361CBCD2FD0018D287 = {
						CreatedOnToolsVersion = 7.3;
						TestTargetID = 655E6E121CBCD2FC0018D287;
					};
				};
			};
			buildConfigurationList = 655E6E0E1CBCD2FC0018D287 /* Build configuration list for PBXProject "SHTextView" */;
			compatibilityVersion = "Xcode 3.2";
			developmentRegion = English;
			hasScannedForEncodings = 0;
			knownRegions = (
				en,
				Base,
			);
			mainGroup = 655E6E0A1CBCD2FC0018D287;
			productRefGroup = 655E6E141CBCD2FC0018D287 /* Products */;
			projectDirPath = "";
			projectRoot = "";
			targets = (
				655E6E121CBCD2FC0018D287 /* SHTextView */,
				655E6E2B1CBCD2FC0018D287 /* SHTextViewTests */,
				655E6E361CBCD2FD0018D287 /* SHTextViewUITests */,
			);
		};
/* End PBXProject section */

/* Begin PBXResourcesBuildPhase section */
		655E6E111CBCD2FC0018D287 /* Resources */ = {
			isa = PBXResourcesBuildPhase;
			buildActionMask = 2147483647;
			files = (
				6567E4EB1CC71BF70066B8CD /* Info.plist in Resources */,
				655E6E261CBCD2FC0018D287 /* LaunchScreen.storyboard in Resources */,
				655E6E231CBCD2FC0018D287 /* Assets.xcassets in Resources */,
				655E6E211CBCD2FC0018D287 /* Main.storyboard in Resources */,
			);
			runOnlyForDeploymentPostprocessing = 0;
		};
		655E6E2A1CBCD2FC0018D287 /* Resources */ = {
			isa = PBXResourcesBuildPhase;
			buildActionMask = 2147483647;
			files = (
			);
			runOnlyForDeploymentPostprocessing = 0;
		};
		655E6E351CBCD2FD0018D287 /* Resources */ = {
			isa = PBXResourcesBuildPhase;
			buildActionMask = 2147483647;
			files = (
			);
			runOnlyForDeploymentPostprocessing = 0;
		};
/* End PBXResourcesBuildPhase section */

/* Begin PBXSourcesBuildPhase section */
		655E6E0F1CBCD2FC0018D287 /* Sources */ = {
			isa = PBXSourcesBuildPhase;
			buildActionMask = 2147483647;
			files = (
				6567E4EE1CC71BF70066B8CD /* MASConstraintMaker.m in Sources */,
				6567E4F41CC71BF70066B8CD /* UIImage+Rotation.m in Sources */,
				655E6E1E1CBCD2FC0018D287 /* ViewController.m in Sources */,
				655E6E1B1CBCD2FC0018D287 /* AppDelegate.m in Sources */,
				6567E4ED1CC71BF70066B8CD /* MASConstraint.m in Sources */,
				6567E4EF1CC71BF70066B8CD /* MASLayoutConstraint.m in Sources */,
				6567E4F51CC71BF70066B8CD /* View+MASAdditions.m in Sources */,
				6567E4F21CC71BF70066B8CD /* NSArray+MASAdditions.m in Sources */,
				65B2B18D1CC8877000DD5537 /* OneViewController.m in Sources */,
				6567E4F11CC71BF70066B8CD /* MASViewConstraint.m in Sources */,
				6567E4F01CC71BF70066B8CD /* MASViewAttribute.m in Sources */,
				655E6E4C1CBCD35B0018D287 /* SHTextView.m in Sources */,
				6567E4F61CC71BF70066B8CD /* ViewController+MASAdditions.m in Sources */,
				655E6E181CBCD2FC0018D287 /* main.m in Sources */,
				6567E4EC1CC71BF70066B8CD /* MASCompositeConstraint.m in Sources */,
				65B2B1901CC8888700DD5537 /* TwoViewController.m in Sources */,
				6567E4FC1CC756A90066B8CD /* UIView+Extension.m in Sources */,
				6567E4F31CC71BF70066B8CD /* NSLayoutConstraint+MASDebugAdditions.m in Sources */,
			);
			runOnlyForDeploymentPostprocessing = 0;
		};
		655E6E281CBCD2FC0018D287 /* Sources */ = {
			isa = PBXSourcesBuildPhase;
			buildActionMask = 2147483647;
			files = (
				655E6E311CBCD2FD0018D287 /* SHTextViewTests.m in Sources */,
			);
			runOnlyForDeploymentPostprocessing = 0;
		};
		655E6E331CBCD2FD0018D287 /* Sources */ = {
			isa = PBXSourcesBuildPhase;
			buildActionMask = 2147483647;
			files = (
				655E6E3C1CBCD2FD0018D287 /* SHTextViewUITests.m in Sources */,
			);
			runOnlyForDeploymentPostprocessing = 0;
		};
/* End PBXSourcesBuildPhase section */

/* Begin PBXTargetDependency section */
		655E6E2E1CBCD2FC0018D287 /* PBXTargetDependency */ = {
			isa = PBXTargetDependency;
			target = 655E6E121CBCD2FC0018D287 /* SHTextView */;
			targetProxy = 655E6E2D1CBCD2FC0018D287 /* PBXContainerItemProxy */;
		};
		655E6E391CBCD2FD0018D287 /* PBXTargetDependency */ = {
			isa = PBXTargetDependency;
			target = 655E6E121CBCD2FC0018D287 /* SHTextView */;
			targetProxy = 655E6E381CBCD2FD0018D287 /* PBXContainerItemProxy */;
		};
/* End PBXTargetDependency section */

/* Begin PBXVariantGroup section */
		655E6E1F1CBCD2FC0018D287 /* Main.storyboard */ = {
			isa = PBXVariantGroup;
			children = (
				655E6E201CBCD2FC0018D287 /* Base */,
			);
			name = Main.storyboard;
			sourceTree = "<group>";
		};
		655E6E241CBCD2FC0018D287 /* LaunchScreen.storyboard */ = {
			isa = PBXVariantGroup;
			children = (
				655E6E251CBCD2FC0018D287 /* Base */,
			);
			name = LaunchScreen.storyboard;
			sourceTree = "<group>";
		};
/* End PBXVariantGroup section */

/* Begin XCBuildConfiguration section */
		655E6E3E1CBCD2FD0018D287 /* Debug */ = {
			isa = XCBuildConfiguration;
			buildSettings = {
				ALWAYS_SEARCH_USER_PATHS = NO;
				CLANG_ANALYZER_NONNULL = YES;
				CLANG_CXX_LANGUAGE_STANDARD = "gnu++0x";
				CLANG_CXX_LIBRARY = "libc++";
				CLANG_ENABLE_MODULES = YES;
				CLANG_ENABLE_OBJC_ARC = YES;
				CLANG_WARN_BOOL_CONVERSION = YES;
				CLANG_WARN_CONSTANT_CONVERSION = YES;
				CLANG_WARN_DIRECT_OBJC_ISA_USAGE = YES_ERROR;
				CLANG_WARN_EMPTY_BODY = YES;
				CLANG_WARN_ENUM_CONVERSION = YES;
				CLANG_WARN_INT_CONVERSION = YES;
				CLANG_WARN_OBJC_ROOT_CLASS = YES_ERROR;
				CLANG_WARN_UNREACHABLE_CODE = YES;
				CLANG_WARN__DUPLICATE_METHOD_MATCH = YES;
				"CODE_SIGN_IDENTITY[sdk=iphoneos*]" = "iPhone Developer";
				COPY_PHASE_STRIP = NO;
				DEBUG_INFORMATION_FORMAT = dwarf;
				ENABLE_STRICT_OBJC_MSGSEND = YES;
				ENABLE_TESTABILITY = YES;
				GCC_C_LANGUAGE_STANDARD = gnu99;
				GCC_DYNAMIC_NO_PIC = NO;
				GCC_NO_COMMON_BLOCKS = YES;
				GCC_OPTIMIZATION_LEVEL = 0;
				GCC_PREPROCESSOR_DEFINITIONS = (
					"DEBUG=1",
					"$(inherited)",
				);
				GCC_WARN_64_TO_32_BIT_CONVERSION = YES;
				GCC_WARN_ABOUT_RETURN_TYPE = YES_ERROR;
				GCC_WARN_UNDECLARED_SELECTOR = YES;
				GCC_WARN_UNINITIALIZED_AUTOS = YES_AGGRESSIVE;
				GCC_WARN_UNUSED_FUNCTION = YES;
				GCC_WARN_UNUSED_VARIABLE = YES;
				IPHONEOS_DEPLOYMENT_TARGET = 9.3;
				MTL_ENABLE_DEBUG_INFO = YES;
				ONLY_ACTIVE_ARCH = YES;
				SDKROOT = iphoneos;
			};
			name = Debug;
		};
		655E6E3F1CBCD2FD0018D287 /* Release */ = {
			isa = XCBuildConfiguration;
			buildSettings = {
				ALWAYS_SEARCH_USER_PATHS = NO;
				CLANG_ANALYZER_NONNULL = YES;
				CLANG_CXX_LANGUAGE_STANDARD = "gnu++0x";
				CLANG_CXX_LIBRARY = "libc++";
				CLANG_ENABLE_MODULES = YES;
				CLANG_ENABLE_OBJC_ARC = YES;
				CLANG_WARN_BOOL_CONVERSION = YES;
				CLANG_WARN_CONSTANT_CONVERSION = YES;
				CLANG_WARN_DIRECT_OBJC_ISA_USAGE = YES_ERROR;
				CLANG_WARN_EMPTY_BODY = YES;
				CLANG_WARN_ENUM_CONVERSION = YES;
				CLANG_WARN_INT_CONVERSION = YES;
				CLANG_WARN_OBJC_ROOT_CLASS = YES_ERROR;
				CLANG_WARN_UNREACHABLE_CODE = YES;
				CLANG_WARN__DUPLICATE_METHOD_MATCH = YES;
				"CODE_SIGN_IDENTITY[sdk=iphoneos*]" = "iPhone Developer";
				COPY_PHASE_STRIP = NO;
				DEBUG_INFORMATION_FORMAT = "dwarf-with-dsym";
				ENABLE_NS_ASSERTIONS = NO;
				ENABLE_STRICT_OBJC_MSGSEND = YES;
				GCC_C_LANGUAGE_STANDARD = gnu99;
				GCC_NO_COMMON_BLOCKS = YES;
				GCC_WARN_64_TO_32_BIT_CONVERSION = YES;
				GCC_WARN_ABOUT_RETURN_TYPE = YES_ERROR;
				GCC_WARN_UNDECLARED_SELECTOR = YES;
				GCC_WARN_UNINITIALIZED_AUTOS = YES_AGGRESSIVE;
				GCC_WARN_UNUSED_FUNCTION = YES;
				GCC_WARN_UNUSED_VARIABLE = YES;
				IPHONEOS_DEPLOYMENT_TARGET = 9.3;
				MTL_ENABLE_DEBUG_INFO = NO;
				SDKROOT = iphoneos;
				VALIDATE_PRODUCT = YES;
			};
			name = Release;
		};
		655E6E411CBCD2FD0018D287 /* Debug */ = {
			isa = XCBuildConfiguration;
			buildSettings = {
				ASSETCATALOG_COMPILER_APPICON_NAME = AppIcon;
				INFOPLIST_FILE = SHTextView/Info.plist;
				LD_RUNPATH_SEARCH_PATHS = "$(inherited) @executable_path/Frameworks";
				PRODUCT_BUNDLE_IDENTIFIER = shw.SHTextView;
				PRODUCT_NAME = "$(TARGET_NAME)";
			};
			name = Debug;
		};
		655E6E421CBCD2FD0018D287 /* Release */ = {
			isa = XCBuildConfiguration;
			buildSettings = {
				ASSETCATALOG_COMPILER_APPICON_NAME = AppIcon;
				INFOPLIST_FILE = SHTextView/Info.plist;
				LD_RUNPATH_SEARCH_PATHS = "$(inherited) @executable_path/Frameworks";
				PRODUCT_BUNDLE_IDENTIFIER = shw.SHTextView;
				PRODUCT_NAME = "$(TARGET_NAME)";
			};
			name = Release;
		};
		655E6E441CBCD2FD0018D287 /* Debug */ = {
			isa = XCBuildConfiguration;
			buildSettings = {
				BUNDLE_LOADER = "$(TEST_HOST)";
				INFOPLIST_FILE = SHTextViewTests/Info.plist;
				LD_RUNPATH_SEARCH_PATHS = "$(inherited) @executable_path/Frameworks @loader_path/Frameworks";
				PRODUCT_BUNDLE_IDENTIFIER = shw.SHTextViewTests;
				PRODUCT_NAME = "$(TARGET_NAME)";
				TEST_HOST = "$(BUILT_PRODUCTS_DIR)/SHTextView.app/SHTextView";
			};
			name = Debug;
		};
		655E6E451CBCD2FD0018D287 /* Release */ = {
			isa = XCBuildConfiguration;
			buildSettings = {
				BUNDLE_LOADER = "$(TEST_HOST)";
				INFOPLIST_FILE = SHTextViewTests/Info.plist;
				LD_RUNPATH_SEARCH_PATHS = "$(inherited) @executable_path/Frameworks @loader_path/Frameworks";
				PRODUCT_BUNDLE_IDENTIFIER = shw.SHTextViewTests;
				PRODUCT_NAME = "$(TARGET_NAME)";
				TEST_HOST = "$(BUILT_PRODUCTS_DIR)/SHTextView.app/SHTextView";
			};
			name = Release;
		};
		655E6E471CBCD2FD0018D287 /* Debug */ = {
			isa = XCBuildConfiguration;
			buildSettings = {
				INFOPLIST_FILE = SHTextViewUITests/Info.plist;
				LD_RUNPATH_SEARCH_PATHS = "$(inherited) @executable_path/Frameworks @loader_path/Frameworks";
				PRODUCT_BUNDLE_IDENTIFIER = shw.SHTextViewUITests;
				PRODUCT_NAME = "$(TARGET_NAME)";
				TEST_TARGET_NAME = SHTextView;
			};
			name = Debug;
		};
		655E6E481CBCD2FD0018D287 /* Release */ = {
			isa = XCBuildConfiguration;
			buildSettings = {
				INFOPLIST_FILE = SHTextViewUITests/Info.plist;
				LD_RUNPATH_SEARCH_PATHS = "$(inherited) @executable_path/Frameworks @loader_path/Frameworks";
				PRODUCT_BUNDLE_IDENTIFIER = shw.SHTextViewUITests;
				PRODUCT_NAME = "$(TARGET_NAME)";
				TEST_TARGET_NAME = SHTextView;
			};
			name = Release;
		};
/* End XCBuildConfiguration section */

/* Begin XCConfigurationList section */
		655E6E0E1CBCD2FC0018D287 /* Build configuration list for PBXProject "SHTextView" */ = {
			isa = XCConfigurationList;
			buildConfigurations = (
				655E6E3E1CBCD2FD0018D287 /* Debug */,
				655E6E3F1CBCD2FD0018D287 /* Release */,
			);
			defaultConfigurationIsVisible = 0;
			defaultConfigurationName = Release;
		};
		655E6E401CBCD2FD0018D287 /* Build configuration list for PBXNativeTarget "SHTextView" */ = {
			isa = XCConfigurationList;
			buildConfigurations = (
				655E6E411CBCD2FD0018D287 /* Debug */,
				655E6E421CBCD2FD0018D287 /* Release */,
			);
			defaultConfigurationIsVisible = 0;
			defaultConfigurationName = Release;
		};
		655E6E431CBCD2FD0018D287 /* Build configuration list for PBXNativeTarget "SHTextViewTests" */ = {
			isa = XCConfigurationList;
			buildConfigurations = (
				655E6E441CBCD2FD0018D287 /* Debug */,
				655E6E451CBCD2FD0018D287 /* Release */,
			);
			defaultConfigurationIsVisible = 0;
			defaultConfigurationName = Release;
		};
		655E6E461CBCD2FD0018D287 /* Build configuration list for PBXNativeTarget "SHTextViewUITests" */ = {
			isa = XCConfigurationList;
			buildConfigurations = (
				655E6E471CBCD2FD0018D287 /* Debug */,
				655E6E481CBCD2FD0018D287 /* Release */,
			);
			defaultConfigurationIsVisible = 0;
			defaultConfigurationName = Release;
		};
/* End XCConfigurationList section */
	};
	rootObject = 655E6E0B1CBCD2FC0018D287 /* Project object */;
}
